// !$*UTF8*$!
{
	archiveVersion = 1;
	classes = {
	};
	objectVersion = 46;
	objects = {

/* Begin PBXBuildFile section */
		15EAF729E3A29FF6039D9D2C /* Pods_LabbSwiftMatApp.framework in Frameworks */ = {isa = PBXBuildFile; fileRef = 0152F9516560FC7657971274 /* Pods_LabbSwiftMatApp.framework */; };
		8B1C4AB61E6842E700096C70 /* Food.swift in Sources */ = {isa = PBXBuildFile; fileRef = 8B1C4AB51E6842E700096C70 /* Food.swift */; };
		8B7971B41E5B3D1000DD3713 /* ApiHelper.swift in Sources */ = {isa = PBXBuildFile; fileRef = 8B7971B31E5B3D1000DD3713 /* ApiHelper.swift */; };
		8BDA5BF31E534F88003A75BA /* AppDelegate.swift in Sources */ = {isa = PBXBuildFile; fileRef = 8BDA5BF21E534F88003A75BA /* AppDelegate.swift */; };
		8BDA5BF51E534F88003A75BA /* ViewController.swift in Sources */ = {isa = PBXBuildFile; fileRef = 8BDA5BF41E534F88003A75BA /* ViewController.swift */; };
		8BDA5BF81E534F88003A75BA /* Main.storyboard in Resources */ = {isa = PBXBuildFile; fileRef = 8BDA5BF61E534F88003A75BA /* Main.storyboard */; };
		8BDA5BFA1E534F89003A75BA /* Assets.xcassets in Resources */ = {isa = PBXBuildFile; fileRef = 8BDA5BF91E534F89003A75BA /* Assets.xcassets */; };
		8BDA5BFD1E534F89003A75BA /* LaunchScreen.storyboard in Resources */ = {isa = PBXBuildFile; fileRef = 8BDA5BFB1E534F89003A75BA /* LaunchScreen.storyboard */; };
		8BDA5C231E5605DD003A75BA /* ResultTableViewController.swift in Sources */ = {isa = PBXBuildFile; fileRef = 8BDA5C221E5605DD003A75BA /* ResultTableViewController.swift */; };
		8BDA5C251E573185003A75BA /* DetailViewController.swift in Sources */ = {isa = PBXBuildFile; fileRef = 8BDA5C241E573185003A75BA /* DetailViewController.swift */; };
/* End PBXBuildFile section */

/* Begin PBXFileReference section */
		0152F9516560FC7657971274 /* Pods_LabbSwiftMatApp.framework */ = {isa = PBXFileReference; explicitFileType = wrapper.framework; includeInIndex = 0; path = Pods_LabbSwiftMatApp.framework; sourceTree = BUILT_PRODUCTS_DIR; };
		5848E2D5B0A4FDFB6C81A9DC /* Pods-LabbSwiftMatApp.release.xcconfig */ = {isa = PBXFileReference; includeInIndex = 1; lastKnownFileType = text.xcconfig; name = "Pods-LabbSwiftMatApp.release.xcconfig"; path = "Pods/Target Support Files/Pods-LabbSwiftMatApp/Pods-LabbSwiftMatApp.release.xcconfig"; sourceTree = "<group>"; };
		8B1C4AB51E6842E700096C70 /* Food.swift */ = {isa = PBXFileReference; fileEncoding = 4; lastKnownFileType = sourcecode.swift; path = Food.swift; sourceTree = "<group>"; };
		8B7971B31E5B3D1000DD3713 /* ApiHelper.swift */ = {isa = PBXFileReference; fileEncoding = 4; lastKnownFileType = sourcecode.swift; path = ApiHelper.swift; sourceTree = "<group>"; };
		8BDA5BEF1E534F88003A75BA /* LabbSwiftMatApp.app */ = {isa = PBXFileReference; explicitFileType = wrapper.application; includeInIndex = 0; path = LabbSwiftMatApp.app; sourceTree = BUILT_PRODUCTS_DIR; };
		8BDA5BF21E534F88003A75BA /* AppDelegate.swift */ = {isa = PBXFileReference; lastKnownFileType = sourcecode.swift; path = AppDelegate.swift; sourceTree = "<group>"; };
		8BDA5BF41E534F88003A75BA /* ViewController.swift */ = {isa = PBXFileReference; lastKnownFileType = sourcecode.swift; path = ViewController.swift; sourceTree = "<group>"; };
		8BDA5BF71E534F88003A75BA /* Base */ = {isa = PBXFileReference; lastKnownFileType = file.storyboard; name = Base; path = Base.lproj/Main.storyboard; sourceTree = "<group>"; };
		8BDA5BF91E534F89003A75BA /* Assets.xcassets */ = {isa = PBXFileReference; lastKnownFileType = folder.assetcatalog; path = Assets.xcassets; sourceTree = "<group>"; };
		8BDA5BFC1E534F89003A75BA /* Base */ = {isa = PBXFileReference; lastKnownFileType = file.storyboard; name = Base; path = Base.lproj/LaunchScreen.storyboard; sourceTree = "<group>"; };
		8BDA5BFE1E534F89003A75BA /* Info.plist */ = {isa = PBXFileReference; lastKnownFileType = text.plist.xml; path = Info.plist; sourceTree = "<group>"; };
		8BDA5C221E5605DD003A75BA /* ResultTableViewController.swift */ = {isa = PBXFileReference; fileEncoding = 4; lastKnownFileType = sourcecode.swift; path = ResultTableViewController.swift; sourceTree = "<group>"; };
		8BDA5C241E573185003A75BA /* DetailViewController.swift */ = {isa = PBXFileReference; fileEncoding = 4; lastKnownFileType = sourcecode.swift; path = DetailViewController.swift; sourceTree = "<group>"; };
		B82351E60A52E3068AA51834 /* Pods-LabbSwiftMatApp.debug.xcconfig */ = {isa = PBXFileReference; includeInIndex = 1; lastKnownFileType = text.xcconfig; name = "Pods-LabbSwiftMatApp.debug.xcconfig"; path = "Pods/Target Support Files/Pods-LabbSwiftMatApp/Pods-LabbSwiftMatApp.debug.xcconfig"; sourceTree = "<group>"; };
/* End PBXFileReference section */

/* Begin PBXFrameworksBuildPhase section */
		8BDA5BEC1E534F88003A75BA /* Frameworks */ = {
			isa = PBXFrameworksBuildPhase;
			buildActionMask = 2147483647;
			files = (
				15EAF729E3A29FF6039D9D2C /* Pods_LabbSwiftMatApp.framework in Frameworks */,
			);
			runOnlyForDeploymentPostprocessing = 0;
		};
/* End PBXFrameworksBuildPhase section */

/* Begin PBXGroup section */
		8B7971B21E5B3AF600DD3713 /* Model */ = {
			isa = PBXGroup;
			children = (
				8B7971B31E5B3D1000DD3713 /* ApiHelper.swift */,
				8B1C4AB51E6842E700096C70 /* Food.swift */,
			);
			name = Model;
			sourceTree = "<group>";
		};
		8BDA5BE61E534F88003A75BA = {
			isa = PBXGroup;
			children = (
				8BDA5BF11E534F88003A75BA /* LabbSwiftMatApp */,
				8BDA5BF01E534F88003A75BA /* Products */,
				E7CD52D6B42C382F790C94A4 /* Pods */,
				C754428A548B987667367444 /* Frameworks */,
			);
			sourceTree = "<group>";
		};
		8BDA5BF01E534F88003A75BA /* Products */ = {
			isa = PBXGroup;
			children = (
				8BDA5BEF1E534F88003A75BA /* LabbSwiftMatApp.app */,
			);
			name = Products;
			sourceTree = "<group>";
		};
		8BDA5BF11E534F88003A75BA /* LabbSwiftMatApp */ = {
			isa = PBXGroup;
			children = (
				8B7971B21E5B3AF600DD3713 /* Model */,
				8BDA5BF21E534F88003A75BA /* AppDelegate.swift */,
				8BDA5BF61E534F88003A75BA /* Main.storyboard */,
				8BDA5BF91E534F89003A75BA /* Assets.xcassets */,
				8BDA5BFB1E534F89003A75BA /* LaunchScreen.storyboard */,
				8BDA5BFE1E534F89003A75BA /* Info.plist */,
				8BDA5BF41E534F88003A75BA /* ViewController.swift */,
				8BDA5C221E5605DD003A75BA /* ResultTableViewController.swift */,
				8BDA5C241E573185003A75BA /* DetailViewController.swift */,
			);
			path = LabbSwiftMatApp;
			sourceTree = "<group>";
		};
		C754428A548B987667367444 /* Frameworks */ = {
			isa = PBXGroup;
			children = (
				0152F9516560FC7657971274 /* Pods_LabbSwiftMatApp.framework */,
			);
			name = Frameworks;
			sourceTree = "<group>";
		};
		E7CD52D6B42C382F790C94A4 /* Pods */ = {
			isa = PBXGroup;
			children = (
				B82351E60A52E3068AA51834 /* Pods-LabbSwiftMatApp.debug.xcconfig */,
				5848E2D5B0A4FDFB6C81A9DC /* Pods-LabbSwiftMatApp.release.xcconfig */,
			);
			name = Pods;
			sourceTree = "<group>";
		};
/* End PBXGroup section */

/* Begin PBXNativeTarget section */
		8BDA5BEE1E534F88003A75BA /* LabbSwiftMatApp */ = {
			isa = PBXNativeTarget;
			buildConfigurationList = 8BDA5C011E534F89003A75BA /* Build configuration list for PBXNativeTarget "LabbSwiftMatApp" */;
			buildPhases = (
				1A93D0B12D8CA401C90CCE1B /* [CP] Check Pods Manifest.lock */,
				8BDA5BEB1E534F88003A75BA /* Sources */,
				8BDA5BEC1E534F88003A75BA /* Frameworks */,
				8BDA5BED1E534F88003A75BA /* Resources */,
				9E0EFB54E7A944237916BDFB /* [CP] Embed Pods Frameworks */,
				CB607DFD2ECCD893BEF10379 /* [CP] Copy Pods Resources */,
			);
			buildRules = (
			);
			dependencies = (
			);
			name = LabbSwiftMatApp;
			productName = LabbSwiftMatApp;
			productReference = 8BDA5BEF1E534F88003A75BA /* LabbSwiftMatApp.app */;
			productType = "com.apple.product-type.application";
		};
/* End PBXNativeTarget section */

/* Begin PBXProject section */
		8BDA5BE71E534F88003A75BA /* Project object */ = {
			isa = PBXProject;
			attributes = {
				LastSwiftUpdateCheck = 0820;
				LastUpgradeCheck = 0820;
				ORGANIZATIONNAME = "Tobias Hillén";
				TargetAttributes = {
					8BDA5BEE1E534F88003A75BA = {
						CreatedOnToolsVersion = 8.2.1;
						ProvisioningStyle = Automatic;
					};
				};
			};
			buildConfigurationList = 8BDA5BEA1E534F88003A75BA /* Build configuration list for PBXProject "LabbSwiftMatApp" */;
			compatibilityVersion = "Xcode 3.2";
			developmentRegion = English;
			hasScannedForEncodings = 0;
			knownRegions = (
				en,
				Base,
			);
			mainGroup = 8BDA5BE61E534F88003A75BA;
			productRefGroup = 8BDA5BF01E534F88003A75BA /* Products */;
			projectDirPath = "";
			projectRoot = "";
			targets = (
				8BDA5BEE1E534F88003A75BA /* LabbSwiftMatApp */,
			);
		};
/* End PBXProject section */

/* Begin PBXResourcesBuildPhase section */
		8BDA5BED1E534F88003A75BA /* Resources */ = {
			isa = PBXResourcesBuildPhase;
			buildActionMask = 2147483647;
			files = (
				8BDA5BFD1E534F89003A75BA /* LaunchScreen.storyboard in Resources */,
				8BDA5BFA1E534F89003A75BA /* Assets.xcassets in Resources */,
				8BDA5BF81E534F88003A75BA /* Main.storyboard in Resources */,
			);
			runOnlyForDeploymentPostprocessing = 0;
		};
/* End PBXResourcesBuildPhase section */

/* Begin PBXShellScriptBuildPhase section */
		1A93D0B12D8CA401C90CCE1B /* [CP] Check Pods Manifest.lock */ = {
			isa = PBXShellScriptBuildPhase;
			buildActionMask = 2147483647;
			files = (
			);
			inputPaths = (
			);
			name = "[CP] Check Pods Manifest.lock";
			outputPaths = (
			);
			runOnlyForDeploymentPostprocessing = 0;
			shellPath = /bin/sh;
			shellScript = "diff \"${PODS_ROOT}/../Podfile.lock\" \"${PODS_ROOT}/Manifest.lock\" > /dev/null\nif [ $? != 0 ] ; then\n    # print error to STDERR\n    echo \"error: The sandbox is not in sync with the Podfile.lock. Run 'pod install' or update your CocoaPods installation.\" >&2\n    exit 1\nfi\n";
			showEnvVarsInLog = 0;
		};
		9E0EFB54E7A944237916BDFB /* [CP] Embed Pods Frameworks */ = {
			isa = PBXShellScriptBuildPhase;
			buildActionMask = 2147483647;
			files = (
			);
			inputPaths = (
			);
			name = "[CP] Embed Pods Frameworks";
			outputPaths = (
			);
			runOnlyForDeploymentPostprocessing = 0;
			shellPath = /bin/sh;
			shellScript = "\"${SRCROOT}/Pods/Target Support Files/Pods-LabbSwiftMatApp/Pods-LabbSwiftMatApp-frameworks.sh\"\n";
			showEnvVarsInLog = 0;
		};
		CB607DFD2ECCD893BEF10379 /* [CP] Copy Pods Resources */ = {
			isa = PBXShellScriptBuildPhase;
			buildActionMask = 2147483647;
			files = (
			);
			inputPaths = (
			);
			name = "[CP] Copy Pods Resources";
			outputPaths = (
			);
			runOnlyForDeploymentPostprocessing = 0;
			shellPath = /bin/sh;
			shellScript = "\"${SRCROOT}/Pods/Target Support Files/Pods-LabbSwiftMatApp/Pods-LabbSwiftMatApp-resources.sh\"\n";
			showEnvVarsInLog = 0;
		};
/* End PBXShellScriptBuildPhase section */

/* Begin PBXSourcesBuildPhase section */
		8BDA5BEB1E534F88003A75BA /* Sources */ = {
			isa = PBXSourcesBuildPhase;
			buildActionMask = 2147483647;
			files = (
				8BDA5BF51E534F88003A75BA /* ViewController.swift in Sources */,
				8BDA5BF31E534F88003A75BA /* AppDelegate.swift in Sources */,
				8B7971B41E5B3D1000DD3713 /* ApiHelper.swift in Sources */,
				8BDA5C231E5605DD003A75BA /* ResultTableViewController.swift in Sources */,
				8BDA5C251E573185003A75BA /* DetailViewController.swift in Sources */,
				8B1C4AB61E6842E700096C70 /* Food.swift in Sources */,
			);
			runOnlyForDeploymentPostprocessing = 0;
		};
/* End PBXSourcesBuildPhase section */

/* Begin PBXVariantGroup section */
		8BDA5BF61E534F88003A75BA /* Main.storyboard */ = {
			isa = PBXVariantGroup;
			children = (
				8BDA5BF71E534F88003A75BA /* Base */,
			);
			name = Main.storyboard;
			sourceTree = "<group>";
		};
		8BDA5BFB1E534F89003A75BA /* LaunchScreen.storyboard */ = {
			isa = PBXVariantGroup;
			children = (
				8BDA5BFC1E534F89003A75BA /* Base */,
			);
			name = LaunchScreen.storyboard;
			sourceTree = "<group>";
		};
/* End PBXVariantGroup section */

/* Begin XCBuildConfiguration section */
		8BDA5BFF1E534F89003A75BA /* Debug */ = {
			isa = XCBuildConfiguration;
			buildSettings = {
				ALWAYS_SEARCH_USER_PATHS = NO;
				CLANG_ANALYZER_NONNULL = YES;
				CLANG_CXX_LANGUAGE_STANDARD = "gnu++0x";
				CLANG_CXX_LIBRARY = "libc++";
				CLANG_ENABLE_MODULES = YES;
				CLANG_ENABLE_OBJC_ARC = YES;
				CLANG_WARN_BOOL_CONVERSION = YES;
				CLANG_WARN_CONSTANT_CONVERSION = YES;
				CLANG_WARN_DIRECT_OBJC_ISA_USAGE = YES_ERROR;
				CLANG_WARN_DOCUMENTATION_COMMENTS = YES;
				CLANG_WARN_EMPTY_BODY = YES;
				CLANG_WARN_ENUM_CONVERSION = YES;
				CLANG_WARN_INFINITE_RECURSION = YES;
				CLANG_WARN_INT_CONVERSION = YES;
				CLANG_WARN_OBJC_ROOT_CLASS = YES_ERROR;
				CLANG_WARN_SUSPICIOUS_MOVE = YES;
				CLANG_WARN_UNREACHABLE_CODE = YES;
				CLANG_WARN__DUPLICATE_METHOD_MATCH = YES;
				"CODE_SIGN_IDENTITY[sdk=iphoneos*]" = "iPhone Developer";
				COPY_PHASE_STRIP = NO;
				DEBUG_INFORMATION_FORMAT = dwarf;
				ENABLE_STRICT_OBJC_MSGSEND = YES;
				ENABLE_TESTABILITY = YES;
				GCC_C_LANGUAGE_STANDARD = gnu99;
				GCC_DYNAMIC_NO_PIC = NO;
				GCC_NO_COMMON_BLOCKS = YES;
				GCC_OPTIMIZATION_LEVEL = 0;
				GCC_PREPROCESSOR_DEFINITIONS = (
					"DEBUG=1",
					"$(inherited)",
				);
				GCC_WARN_64_TO_32_BIT_CONVERSION = YES;
				GCC_WARN_ABOUT_RETURN_TYPE = YES_ERROR;
				GCC_WARN_UNDECLARED_SELECTOR = YES;
				GCC_WARN_UNINITIALIZED_AUTOS = YES_AGGRESSIVE;
				GCC_WARN_UNUSED_FUNCTION = YES;
				GCC_WARN_UNUSED_VARIABLE = YES;
				IPHONEOS_DEPLOYMENT_TARGET = 10.2;
				MTL_ENABLE_DEBUG_INFO = YES;
				ONLY_ACTIVE_ARCH = YES;
				SDKROOT = iphoneos;
				SWIFT_ACTIVE_COMPILATION_CONDITIONS = DEBUG;
				SWIFT_OPTIMIZATION_LEVEL = "-Onone";
			};
			name = Debug;
		};
		8BDA5C001E534F89003A75BA /* Release */ = {
			isa = XCBuildConfiguration;
			buildSettings = {
				ALWAYS_SEARCH_USER_PATHS = NO;
				CLANG_ANALYZER_NONNULL = YES;
				CLANG_CXX_LANGUAGE_STANDARD = "gnu++0x";
				CLANG_CXX_LIBRARY = "libc++";
				CLANG_ENABLE_MODULES = YES;
				CLANG_ENABLE_OBJC_ARC = YES;
				CLANG_WARN_BOOL_CONVERSION = YES;
				CLANG_WARN_CONSTANT_CONVERSION = YES;
				CLANG_WARN_DIRECT_OBJC_ISA_USAGE = YES_ERROR;
				CLANG_WARN_DOCUMENTATION_COMMENTS = YES;
				CLANG_WARN_EMPTY_BODY = YES;
				CLANG_WARN_ENUM_CONVERSION = YES;
				CLANG_WARN_INFINITE_RECURSION = YES;
				CLANG_WARN_INT_CONVERSION = YES;
				CLANG_WARN_OBJC_ROOT_CLASS = YES_ERROR;
				CLANG_WARN_SUSPICIOUS_MOVE = YES;
				CLANG_WARN_UNREACHABLE_CODE = YES;
				CLANG_WARN__DUPLICATE_METHOD_MATCH = YES;
				"CODE_SIGN_IDENTITY[sdk=iphoneos*]" = "iPhone Developer";
				COPY_PHASE_STRIP = NO;
				DEBUG_INFORMATION_FORMAT = "dwarf-with-dsym";
				ENABLE_NS_ASSERTIONS = NO;
				ENABLE_STRICT_OBJC_MSGSEND = YES;
				GCC_C_LANGUAGE_STANDARD = gnu99;
				GCC_NO_COMMON_BLOCKS = YES;
				GCC_WARN_64_TO_32_BIT_CONVERSION = YES;
				GCC_WARN_ABOUT_RETURN_TYPE = YES_ERROR;
				GCC_WARN_UNDECLARED_SELECTOR = YES;
				GCC_WARN_UNINITIALIZED_AUTOS = YES_AGGRESSIVE;
				GCC_WARN_UNUSED_FUNCTION = YES;
				GCC_WARN_UNUSED_VARIABLE = YES;
				IPHONEOS_DEPLOYMENT_TARGET = 10.2;
				MTL_ENABLE_DEBUG_INFO = NO;
				SDKROOT = iphoneos;
				SWIFT_OPTIMIZATION_LEVEL = "-Owholemodule";
				VALIDATE_PRODUCT = YES;
			};
			name = Release;
		};
		8BDA5C021E534F89003A75BA /* Debug */ = {
			isa = XCBuildConfiguration;
			baseConfigurationReference = B82351E60A52E3068AA51834 /* Pods-LabbSwiftMatApp.debug.xcconfig */;
			buildSettings = {
				ASSETCATALOG_COMPILER_APPICON_NAME = AppIcon;
				INFOPLIST_FILE = LabbSwiftMatApp/Info.plist;
				LD_RUNPATH_SEARCH_PATHS = "$(inherited) @executable_path/Frameworks";
				PRODUCT_BUNDLE_IDENTIFIER = TH.LabbSwiftMatApp;
				PRODUCT_NAME = "$(TARGET_NAME)";
				SWIFT_VERSION = 3.0;
			};
			name = Debug;
		};
		8BDA5C031E534F89003A75BA /* Release */ = {
			isa = XCBuildConfiguration;
			baseConfigurationReference = 5848E2D5B0A4FDFB6C81A9DC /* Pods-LabbSwiftMatApp.release.xcconfig */;
			buildSettings = {
				ASSETCATALOG_COMPILER_APPICON_NAME = AppIcon;
				INFOPLIST_FILE = LabbSwiftMatApp/Info.plist;
				LD_RUNPATH_SEARCH_PATHS = "$(inherited) @executable_path/Frameworks";
				PRODUCT_BUNDLE_IDENTIFIER = TH.LabbSwiftMatApp;
				PRODUCT_NAME = "$(TARGET_NAME)";
				SWIFT_VERSION = 3.0;
			};
			name = Release;
		};
/* End XCBuildConfiguration section */

/* Begin XCConfigurationList section */
		8BDA5BEA1E534F88003A75BA /* Build configuration list for PBXProject "LabbSwiftMatApp" */ = {
			isa = XCConfigurationList;
			buildConfigurations = (
				8BDA5BFF1E534F89003A75BA /* Debug */,
				8BDA5C001E534F89003A75BA /* Release */,
			);
			defaultConfigurationIsVisible = 0;
			defaultConfigurationName = Release;
		};
		8BDA5C011E534F89003A75BA /* Build configuration list for PBXNativeTarget "LabbSwiftMatApp" */ = {
			isa = XCConfigurationList;
			buildConfigurations = (
				8BDA5C021E534F89003A75BA /* Debug */,
				8BDA5C031E534F89003A75BA /* Release */,
			);
			defaultConfigurationIsVisible = 0;
			defaultConfigurationName = Release;
		};
/* End XCConfigurationList section */
	};
	rootObject = 8BDA5BE71E534F88003A75BA /* Project object */;
}
